
Microsoft Visual Studio Solution File, Format Version 12.00
# Visual Studio 2012
Project("{FAE04EC0-301F-11D3-BF4B-00C04F79EFBC}") = "SnakePort", "SnakePort\SnakePort\SnakePort.csproj", "{1CC1BDA8-5622-47D3-8BEC-92CAA498EB95}"
EndProject
Project("{96E2B04D-8817-42C6-938A-82C39BA4D311}") = "SnakePortContent", "SnakePort\SnakePortContent\SnakePortContent.contentproj", "{DD9F454E-7523-4962-A5B4-B8CC93BA15E1}"
EndProject
Global
	GlobalSection(SolutionConfigurationPlatforms) = preSolution
		Debug|x86 = Debug|x86
		Release|x86 = Release|x86
	EndGlobalSection
	GlobalSection(ProjectConfigurationPlatforms) = postSolution
		{1CC1BDA8-5622-47D3-8BEC-92CAA498EB95}.Debug|x86.ActiveCfg = Debug|x86
		{1CC1BDA8-5622-47D3-8BEC-92CAA498EB95}.Debug|x86.Build.0 = Debug|x86
		{1CC1BDA8-5622-47D3-8BEC-92CAA498EB95}.Release|x86.ActiveCfg = Release|x86
		{1CC1BDA8-5622-47D3-8BEC-92CAA498EB95}.Release|x86.Build.0 = Release|x86
		{DD9F454E-7523-4962-A5B4-B8CC93BA15E1}.Debug|x86.ActiveCfg = Debug|x86
		{DD9F454E-7523-4962-A5B4-B8CC93BA15E1}.Release|x86.ActiveCfg = Release|x86
	EndGlobalSection
	GlobalSection(SolutionProperties) = preSolution
		HideSolutionNode = FALSE
	EndGlobalSection
EndGlobal
