
Microsoft Visual Studio Solution File, Format Version 12.00
# Visual Studio 2012
Project("{FAE04EC0-301F-11D3-BF4B-00C04F79EFBC}") = "Paie net", "Paie net\Paie net.csproj", "{3D81B4C4-606A-4B0D-83BA-F22264D2E698}"
EndProject
Global
	GlobalSection(SolutionConfigurationPlatforms) = preSolution
		Debug|Any CPU = Debug|Any CPU
		Release|Any CPU = Release|Any CPU
	EndGlobalSection
	GlobalSection(ProjectConfigurationPlatforms) = postSolution
		{3D81B4C4-606A-4B0D-83BA-F22264D2E698}.Debug|Any CPU.ActiveCfg = Debug|Any CPU
		{3D81B4C4-606A-4B0D-83BA-F22264D2E698}.Debug|Any CPU.Build.0 = Debug|Any CPU
		{3D81B4C4-606A-4B0D-83BA-F22264D2E698}.Release|Any CPU.ActiveCfg = Release|Any CPU
		{3D81B4C4-606A-4B0D-83BA-F22264D2E698}.Release|Any CPU.Build.0 = Release|Any CPU
	EndGlobalSection
	GlobalSection(SolutionProperties) = preSolution
		HideSolutionNode = FALSE
	EndGlobalSection
EndGlobal
