
Microsoft Visual Studio Solution File, Format Version 11.00
# Visual C# Express 2010
Project("{FAE04EC0-301F-11D3-BF4B-00C04F79EFBC}") = "random", "random\random.csproj", "{AA99FEB6-3074-4E0E-8878-9EACB3460BBE}"
EndProject
Global
	GlobalSection(SolutionConfigurationPlatforms) = preSolution
		Debug|x86 = Debug|x86
		Release|x86 = Release|x86
	EndGlobalSection
	GlobalSection(ProjectConfigurationPlatforms) = postSolution
		{AA99FEB6-3074-4E0E-8878-9EACB3460BBE}.Debug|x86.ActiveCfg = Debug|x86
		{AA99FEB6-3074-4E0E-8878-9EACB3460BBE}.Debug|x86.Build.0 = Debug|x86
		{AA99FEB6-3074-4E0E-8878-9EACB3460BBE}.Release|x86.ActiveCfg = Release|x86
		{AA99FEB6-3074-4E0E-8878-9EACB3460BBE}.Release|x86.Build.0 = Release|x86
	EndGlobalSection
	GlobalSection(SolutionProperties) = preSolution
		HideSolutionNode = FALSE
	EndGlobalSection
EndGlobal
