
Microsoft Visual Studio Solution File, Format Version 12.00
# Visual Studio 2012
Project("{888888A0-9F3D-457C-B088-3A5042F75D52}") = "BFTOPYTHON", "BFTOPYTHON\BFTOPYTHON.pyproj", "{87E3B2D1-A641-4EA4-8ED7-35ED82D55D2C}"
EndProject
Global
	GlobalSection(SolutionConfigurationPlatforms) = preSolution
		Debug|Any CPU = Debug|Any CPU
		Release|Any CPU = Release|Any CPU
	EndGlobalSection
	GlobalSection(ProjectConfigurationPlatforms) = postSolution
		{87E3B2D1-A641-4EA4-8ED7-35ED82D55D2C}.Debug|Any CPU.ActiveCfg = Debug|Any CPU
		{87E3B2D1-A641-4EA4-8ED7-35ED82D55D2C}.Debug|Any CPU.Build.0 = Debug|Any CPU
		{87E3B2D1-A641-4EA4-8ED7-35ED82D55D2C}.Release|Any CPU.ActiveCfg = Release|Any CPU
		{87E3B2D1-A641-4EA4-8ED7-35ED82D55D2C}.Release|Any CPU.Build.0 = Release|Any CPU
	EndGlobalSection
	GlobalSection(SolutionProperties) = preSolution
		HideSolutionNode = FALSE
	EndGlobalSection
EndGlobal
