
Microsoft Visual Studio Solution File, Format Version 12.00
# Visual Studio 2012
Project("{FAE04EC0-301F-11D3-BF4B-00C04F79EFBC}") = "WhatTheShit", "WhatTheShit\WhatTheShit.csproj", "{3ACF2016-F79C-4B00-9AFA-FE7328DEEFE0}"
EndProject
Global
	GlobalSection(SolutionConfigurationPlatforms) = preSolution
		Debug|Any CPU = Debug|Any CPU
		Release|Any CPU = Release|Any CPU
	EndGlobalSection
	GlobalSection(ProjectConfigurationPlatforms) = postSolution
		{3ACF2016-F79C-4B00-9AFA-FE7328DEEFE0}.Debug|Any CPU.ActiveCfg = Debug|Any CPU
		{3ACF2016-F79C-4B00-9AFA-FE7328DEEFE0}.Debug|Any CPU.Build.0 = Debug|Any CPU
		{3ACF2016-F79C-4B00-9AFA-FE7328DEEFE0}.Release|Any CPU.ActiveCfg = Release|Any CPU
		{3ACF2016-F79C-4B00-9AFA-FE7328DEEFE0}.Release|Any CPU.Build.0 = Release|Any CPU
	EndGlobalSection
	GlobalSection(SolutionProperties) = preSolution
		HideSolutionNode = FALSE
	EndGlobalSection
EndGlobal
