
Microsoft Visual Studio Solution File, Format Version 12.00
# Visual Studio 2012
Project("{FAE04EC0-301F-11D3-BF4B-00C04F79EFBC}") = "Labyrinth", "Labyrinth\Labyrinth.csproj", "{FE52B31C-604F-425F-8A0D-DE588BE8E67B}"
EndProject
Global
	GlobalSection(SolutionConfigurationPlatforms) = preSolution
		Debug|Any CPU = Debug|Any CPU
		Release|Any CPU = Release|Any CPU
	EndGlobalSection
	GlobalSection(ProjectConfigurationPlatforms) = postSolution
		{FE52B31C-604F-425F-8A0D-DE588BE8E67B}.Debug|Any CPU.ActiveCfg = Debug|Any CPU
		{FE52B31C-604F-425F-8A0D-DE588BE8E67B}.Debug|Any CPU.Build.0 = Debug|Any CPU
		{FE52B31C-604F-425F-8A0D-DE588BE8E67B}.Release|Any CPU.ActiveCfg = Release|Any CPU
		{FE52B31C-604F-425F-8A0D-DE588BE8E67B}.Release|Any CPU.Build.0 = Release|Any CPU
	EndGlobalSection
	GlobalSection(SolutionProperties) = preSolution
		HideSolutionNode = FALSE
	EndGlobalSection
EndGlobal
