
Microsoft Visual Studio Solution File, Format Version 12.00
# Visual Studio 2012
Project("{FAE04EC0-301F-11D3-BF4B-00C04F79EFBC}") = "AuPireCriss", "AuPireCriss\AuPireCriss.csproj", "{797E91D4-EC63-45BA-B4CB-6EC162530891}"
EndProject
Global
	GlobalSection(SolutionConfigurationPlatforms) = preSolution
		Debug|Any CPU = Debug|Any CPU
		Release|Any CPU = Release|Any CPU
	EndGlobalSection
	GlobalSection(ProjectConfigurationPlatforms) = postSolution
		{797E91D4-EC63-45BA-B4CB-6EC162530891}.Debug|Any CPU.ActiveCfg = Debug|Any CPU
		{797E91D4-EC63-45BA-B4CB-6EC162530891}.Debug|Any CPU.Build.0 = Debug|Any CPU
		{797E91D4-EC63-45BA-B4CB-6EC162530891}.Release|Any CPU.ActiveCfg = Release|Any CPU
		{797E91D4-EC63-45BA-B4CB-6EC162530891}.Release|Any CPU.Build.0 = Release|Any CPU
	EndGlobalSection
	GlobalSection(SolutionProperties) = preSolution
		HideSolutionNode = FALSE
	EndGlobalSection
EndGlobal
