
Microsoft Visual Studio Solution File, Format Version 12.00
# Visual Studio 2012
Project("{FAE04EC0-301F-11D3-BF4B-00C04F79EFBC}") = "Random fag", "Random fag\Random fag.csproj", "{71AC57EA-880C-44AC-B0F8-1CC1D14B8844}"
EndProject
Global
	GlobalSection(SolutionConfigurationPlatforms) = preSolution
		Debug|Any CPU = Debug|Any CPU
		Release|Any CPU = Release|Any CPU
	EndGlobalSection
	GlobalSection(ProjectConfigurationPlatforms) = postSolution
		{71AC57EA-880C-44AC-B0F8-1CC1D14B8844}.Debug|Any CPU.ActiveCfg = Debug|Any CPU
		{71AC57EA-880C-44AC-B0F8-1CC1D14B8844}.Debug|Any CPU.Build.0 = Debug|Any CPU
		{71AC57EA-880C-44AC-B0F8-1CC1D14B8844}.Release|Any CPU.ActiveCfg = Release|Any CPU
		{71AC57EA-880C-44AC-B0F8-1CC1D14B8844}.Release|Any CPU.Build.0 = Release|Any CPU
	EndGlobalSection
	GlobalSection(SolutionProperties) = preSolution
		HideSolutionNode = FALSE
	EndGlobalSection
EndGlobal
