
Microsoft Visual Studio Solution File, Format Version 12.00
# Visual Studio 2012
Project("{FAE04EC0-301F-11D3-BF4B-00C04F79EFBC}") = "Do This", "Do This\Do This.csproj", "{1DEEB93F-184E-4B68-8DD5-FF729C797F97}"
EndProject
Global
	GlobalSection(SolutionConfigurationPlatforms) = preSolution
		Debug|Any CPU = Debug|Any CPU
		Release|Any CPU = Release|Any CPU
	EndGlobalSection
	GlobalSection(ProjectConfigurationPlatforms) = postSolution
		{1DEEB93F-184E-4B68-8DD5-FF729C797F97}.Debug|Any CPU.ActiveCfg = Debug|Any CPU
		{1DEEB93F-184E-4B68-8DD5-FF729C797F97}.Debug|Any CPU.Build.0 = Debug|Any CPU
		{1DEEB93F-184E-4B68-8DD5-FF729C797F97}.Release|Any CPU.ActiveCfg = Release|Any CPU
		{1DEEB93F-184E-4B68-8DD5-FF729C797F97}.Release|Any CPU.Build.0 = Release|Any CPU
	EndGlobalSection
	GlobalSection(SolutionProperties) = preSolution
		HideSolutionNode = FALSE
	EndGlobalSection
EndGlobal
