
Microsoft Visual Studio Solution File, Format Version 12.00
# Visual Studio 2012
Project("{FAE04EC0-301F-11D3-BF4B-00C04F79EFBC}") = "Operators", "Operators\Operators.csproj", "{E423F9D1-A7B5-4F36-A82E-C7D9E4D0D719}"
EndProject
Global
	GlobalSection(SolutionConfigurationPlatforms) = preSolution
		Debug|Any CPU = Debug|Any CPU
		Release|Any CPU = Release|Any CPU
	EndGlobalSection
	GlobalSection(ProjectConfigurationPlatforms) = postSolution
		{E423F9D1-A7B5-4F36-A82E-C7D9E4D0D719}.Debug|Any CPU.ActiveCfg = Debug|Any CPU
		{E423F9D1-A7B5-4F36-A82E-C7D9E4D0D719}.Debug|Any CPU.Build.0 = Debug|Any CPU
		{E423F9D1-A7B5-4F36-A82E-C7D9E4D0D719}.Release|Any CPU.ActiveCfg = Release|Any CPU
		{E423F9D1-A7B5-4F36-A82E-C7D9E4D0D719}.Release|Any CPU.Build.0 = Release|Any CPU
	EndGlobalSection
	GlobalSection(SolutionProperties) = preSolution
		HideSolutionNode = FALSE
	EndGlobalSection
EndGlobal
