
Microsoft Visual Studio Solution File, Format Version 12.00
# Visual Studio 2012
Project("{FAE04EC0-301F-11D3-BF4B-00C04F79EFBC}") = "Binary Clock", "Binary Clock\Binary Clock.csproj", "{B08B8696-DCBF-4963-9872-D400D8C40BB7}"
EndProject
Global
	GlobalSection(SolutionConfigurationPlatforms) = preSolution
		Debug|Any CPU = Debug|Any CPU
		Release|Any CPU = Release|Any CPU
	EndGlobalSection
	GlobalSection(ProjectConfigurationPlatforms) = postSolution
		{B08B8696-DCBF-4963-9872-D400D8C40BB7}.Debug|Any CPU.ActiveCfg = Debug|Any CPU
		{B08B8696-DCBF-4963-9872-D400D8C40BB7}.Debug|Any CPU.Build.0 = Debug|Any CPU
		{B08B8696-DCBF-4963-9872-D400D8C40BB7}.Release|Any CPU.ActiveCfg = Release|Any CPU
		{B08B8696-DCBF-4963-9872-D400D8C40BB7}.Release|Any CPU.Build.0 = Release|Any CPU
	EndGlobalSection
	GlobalSection(SolutionProperties) = preSolution
		HideSolutionNode = FALSE
	EndGlobalSection
EndGlobal
