
Microsoft Visual Studio Solution File, Format Version 12.00
# Visual Studio 2012
Project("{FAE04EC0-301F-11D3-BF4B-00C04F79EFBC}") = "PJeuler", "PJeuler\PJeuler.csproj", "{79BEF8B6-C440-41C5-B4DD-0B275947B69F}"
EndProject
Global
	GlobalSection(SolutionConfigurationPlatforms) = preSolution
		Debug|Any CPU = Debug|Any CPU
		Release|Any CPU = Release|Any CPU
	EndGlobalSection
	GlobalSection(ProjectConfigurationPlatforms) = postSolution
		{79BEF8B6-C440-41C5-B4DD-0B275947B69F}.Debug|Any CPU.ActiveCfg = Debug|Any CPU
		{79BEF8B6-C440-41C5-B4DD-0B275947B69F}.Debug|Any CPU.Build.0 = Debug|Any CPU
		{79BEF8B6-C440-41C5-B4DD-0B275947B69F}.Release|Any CPU.ActiveCfg = Release|Any CPU
		{79BEF8B6-C440-41C5-B4DD-0B275947B69F}.Release|Any CPU.Build.0 = Release|Any CPU
	EndGlobalSection
	GlobalSection(SolutionProperties) = preSolution
		HideSolutionNode = FALSE
	EndGlobalSection
EndGlobal
