
Microsoft Visual Studio Solution File, Format Version 12.00
# Visual Studio 2012
Project("{888888A0-9F3D-457C-B088-3A5042F75D52}") = "WebServV2", "WebServV2\WebServV2.pyproj", "{F1776C1D-CB7D-43E8-B2DD-689A3C2AE8FB}"
EndProject
Global
	GlobalSection(SolutionConfigurationPlatforms) = preSolution
		Debug|Any CPU = Debug|Any CPU
		Release|Any CPU = Release|Any CPU
	EndGlobalSection
	GlobalSection(ProjectConfigurationPlatforms) = postSolution
		{F1776C1D-CB7D-43E8-B2DD-689A3C2AE8FB}.Debug|Any CPU.ActiveCfg = Debug|Any CPU
		{F1776C1D-CB7D-43E8-B2DD-689A3C2AE8FB}.Debug|Any CPU.Build.0 = Debug|Any CPU
		{F1776C1D-CB7D-43E8-B2DD-689A3C2AE8FB}.Release|Any CPU.ActiveCfg = Release|Any CPU
		{F1776C1D-CB7D-43E8-B2DD-689A3C2AE8FB}.Release|Any CPU.Build.0 = Release|Any CPU
	EndGlobalSection
	GlobalSection(SolutionProperties) = preSolution
		HideSolutionNode = FALSE
	EndGlobalSection
EndGlobal
