
Microsoft Visual Studio Solution File, Format Version 12.00
# Visual Studio 2012
Project("{888888A0-9F3D-457C-B088-3A5042F75D52}") = "Oupas", "Oupas\Oupas.pyproj", "{8648A3EA-DA72-4B23-8B54-404A630C07D1}"
EndProject
Global
	GlobalSection(SolutionConfigurationPlatforms) = preSolution
		Debug|Any CPU = Debug|Any CPU
		Release|Any CPU = Release|Any CPU
	EndGlobalSection
	GlobalSection(ProjectConfigurationPlatforms) = postSolution
		{8648A3EA-DA72-4B23-8B54-404A630C07D1}.Debug|Any CPU.ActiveCfg = Debug|Any CPU
		{8648A3EA-DA72-4B23-8B54-404A630C07D1}.Debug|Any CPU.Build.0 = Debug|Any CPU
		{8648A3EA-DA72-4B23-8B54-404A630C07D1}.Release|Any CPU.ActiveCfg = Release|Any CPU
		{8648A3EA-DA72-4B23-8B54-404A630C07D1}.Release|Any CPU.Build.0 = Release|Any CPU
	EndGlobalSection
	GlobalSection(SolutionProperties) = preSolution
		HideSolutionNode = FALSE
	EndGlobalSection
EndGlobal
