
Microsoft Visual Studio Solution File, Format Version 12.00
# Visual Studio 2012
Project("{FAE04EC0-301F-11D3-BF4B-00C04F79EFBC}") = "ModeleDeChar", "ModeleDeChar\ModeleDeChar.csproj", "{34DB3FA3-3C0A-4610-9D77-D26D1D07C230}"
EndProject
Global
	GlobalSection(SolutionConfigurationPlatforms) = preSolution
		Debug|Any CPU = Debug|Any CPU
		Release|Any CPU = Release|Any CPU
	EndGlobalSection
	GlobalSection(ProjectConfigurationPlatforms) = postSolution
		{34DB3FA3-3C0A-4610-9D77-D26D1D07C230}.Debug|Any CPU.ActiveCfg = Debug|Any CPU
		{34DB3FA3-3C0A-4610-9D77-D26D1D07C230}.Debug|Any CPU.Build.0 = Debug|Any CPU
		{34DB3FA3-3C0A-4610-9D77-D26D1D07C230}.Release|Any CPU.ActiveCfg = Release|Any CPU
		{34DB3FA3-3C0A-4610-9D77-D26D1D07C230}.Release|Any CPU.Build.0 = Release|Any CPU
	EndGlobalSection
	GlobalSection(SolutionProperties) = preSolution
		HideSolutionNode = FALSE
	EndGlobalSection
EndGlobal
