
Microsoft Visual Studio Solution File, Format Version 12.00
# Visual Studio 2012
Project("{FAE04EC0-301F-11D3-BF4B-00C04F79EFBC}") = "DartsPro", "DartsPro\DartsPro.csproj", "{A70A6327-88D5-48A5-949C-D519F8C37A1D}"
EndProject
Global
	GlobalSection(SolutionConfigurationPlatforms) = preSolution
		Debug|Any CPU = Debug|Any CPU
		Release|Any CPU = Release|Any CPU
	EndGlobalSection
	GlobalSection(ProjectConfigurationPlatforms) = postSolution
		{A70A6327-88D5-48A5-949C-D519F8C37A1D}.Debug|Any CPU.ActiveCfg = Debug|Any CPU
		{A70A6327-88D5-48A5-949C-D519F8C37A1D}.Debug|Any CPU.Build.0 = Debug|Any CPU
		{A70A6327-88D5-48A5-949C-D519F8C37A1D}.Release|Any CPU.ActiveCfg = Release|Any CPU
		{A70A6327-88D5-48A5-949C-D519F8C37A1D}.Release|Any CPU.Build.0 = Release|Any CPU
	EndGlobalSection
	GlobalSection(SolutionProperties) = preSolution
		HideSolutionNode = FALSE
	EndGlobalSection
EndGlobal
