
Microsoft Visual Studio Solution File, Format Version 12.00
# Visual Studio 2012
Project("{FAE04EC0-301F-11D3-BF4B-00C04F79EFBC}") = "MusicariumSVC", "MusicariumSVC\MusicariumSVC.csproj", "{C6659A17-3879-4B66-84E9-8DAF00F917BC}"
EndProject
Global
	GlobalSection(SolutionConfigurationPlatforms) = preSolution
		Debug|Any CPU = Debug|Any CPU
		Release|Any CPU = Release|Any CPU
	EndGlobalSection
	GlobalSection(ProjectConfigurationPlatforms) = postSolution
		{C6659A17-3879-4B66-84E9-8DAF00F917BC}.Debug|Any CPU.ActiveCfg = Debug|Any CPU
		{C6659A17-3879-4B66-84E9-8DAF00F917BC}.Debug|Any CPU.Build.0 = Debug|Any CPU
		{C6659A17-3879-4B66-84E9-8DAF00F917BC}.Release|Any CPU.ActiveCfg = Release|Any CPU
		{C6659A17-3879-4B66-84E9-8DAF00F917BC}.Release|Any CPU.Build.0 = Release|Any CPU
	EndGlobalSection
	GlobalSection(SolutionProperties) = preSolution
		HideSolutionNode = FALSE
	EndGlobalSection
EndGlobal
