
Microsoft Visual Studio Solution File, Format Version 11.00
# Visual C# Express 2010
Project("{FAE04EC0-301F-11D3-BF4B-00C04F79EFBC}") = "XNA mess", "XNA mess\XNA mess\XNA mess.csproj", "{B75175C9-4971-4860-B84C-CD1B53F02E63}"
EndProject
Project("{96E2B04D-8817-42C6-938A-82C39BA4D311}") = "XNA messContent", "XNA mess\XNA messContent\XNA messContent.contentproj", "{F26406D5-AF72-4F12-BEF7-F9FDF5914E0D}"
EndProject
Global
	GlobalSection(SolutionConfigurationPlatforms) = preSolution
		Debug|x86 = Debug|x86
		Release|x86 = Release|x86
	EndGlobalSection
	GlobalSection(ProjectConfigurationPlatforms) = postSolution
		{B75175C9-4971-4860-B84C-CD1B53F02E63}.Debug|x86.ActiveCfg = Debug|x86
		{B75175C9-4971-4860-B84C-CD1B53F02E63}.Debug|x86.Build.0 = Debug|x86
		{B75175C9-4971-4860-B84C-CD1B53F02E63}.Release|x86.ActiveCfg = Release|x86
		{B75175C9-4971-4860-B84C-CD1B53F02E63}.Release|x86.Build.0 = Release|x86
		{F26406D5-AF72-4F12-BEF7-F9FDF5914E0D}.Debug|x86.ActiveCfg = Debug|x86
		{F26406D5-AF72-4F12-BEF7-F9FDF5914E0D}.Release|x86.ActiveCfg = Release|x86
	EndGlobalSection
	GlobalSection(SolutionProperties) = preSolution
		HideSolutionNode = FALSE
	EndGlobalSection
EndGlobal
