
Microsoft Visual Studio Solution File, Format Version 12.00
# Visual Studio 2012
Project("{FAE04EC0-301F-11D3-BF4B-00C04F79EFBC}") = "VisualSort", "VisualSort\VisualSort\VisualSort.csproj", "{80312A48-2688-4A72-8714-C1B0DC732EF3}"
EndProject
Project("{96E2B04D-8817-42C6-938A-82C39BA4D311}") = "VisualSortContent", "VisualSort\VisualSortContent\VisualSortContent.contentproj", "{B0F2611A-0A82-45C9-9103-8C3201F3283C}"
EndProject
Global
	GlobalSection(SolutionConfigurationPlatforms) = preSolution
		Debug|x86 = Debug|x86
		Release|x86 = Release|x86
	EndGlobalSection
	GlobalSection(ProjectConfigurationPlatforms) = postSolution
		{80312A48-2688-4A72-8714-C1B0DC732EF3}.Debug|x86.ActiveCfg = Debug|x86
		{80312A48-2688-4A72-8714-C1B0DC732EF3}.Debug|x86.Build.0 = Debug|x86
		{80312A48-2688-4A72-8714-C1B0DC732EF3}.Release|x86.ActiveCfg = Release|x86
		{80312A48-2688-4A72-8714-C1B0DC732EF3}.Release|x86.Build.0 = Release|x86
		{B0F2611A-0A82-45C9-9103-8C3201F3283C}.Debug|x86.ActiveCfg = Debug|x86
		{B0F2611A-0A82-45C9-9103-8C3201F3283C}.Release|x86.ActiveCfg = Release|x86
	EndGlobalSection
	GlobalSection(SolutionProperties) = preSolution
		HideSolutionNode = FALSE
	EndGlobalSection
EndGlobal
