
Microsoft Visual Studio Solution File, Format Version 12.00
# Visual Studio 2012
Project("{FAE04EC0-301F-11D3-BF4B-00C04F79EFBC}") = "jeu a cimon", "jeu a cimon\jeu a cimon.csproj", "{55E8599C-EDED-4AFD-900C-4DFE1D24999A}"
EndProject
Global
	GlobalSection(SolutionConfigurationPlatforms) = preSolution
		Debug|Any CPU = Debug|Any CPU
		Release|Any CPU = Release|Any CPU
	EndGlobalSection
	GlobalSection(ProjectConfigurationPlatforms) = postSolution
		{55E8599C-EDED-4AFD-900C-4DFE1D24999A}.Debug|Any CPU.ActiveCfg = Debug|Any CPU
		{55E8599C-EDED-4AFD-900C-4DFE1D24999A}.Debug|Any CPU.Build.0 = Debug|Any CPU
		{55E8599C-EDED-4AFD-900C-4DFE1D24999A}.Release|Any CPU.ActiveCfg = Release|Any CPU
		{55E8599C-EDED-4AFD-900C-4DFE1D24999A}.Release|Any CPU.Build.0 = Release|Any CPU
	EndGlobalSection
	GlobalSection(SolutionProperties) = preSolution
		HideSolutionNode = FALSE
	EndGlobalSection
EndGlobal
