
Microsoft Visual Studio Solution File, Format Version 12.00
# Visual Studio 2012
Project("{888888A0-9F3D-457C-B088-3A5042F75D52}") = "PasDeVoyelles", "PasDeVoyelles\PasDeVoyelles.pyproj", "{674A16EF-B200-4E6A-B3AA-6665216C479B}"
EndProject
Global
	GlobalSection(SolutionConfigurationPlatforms) = preSolution
		Debug|Any CPU = Debug|Any CPU
		Release|Any CPU = Release|Any CPU
	EndGlobalSection
	GlobalSection(ProjectConfigurationPlatforms) = postSolution
		{674A16EF-B200-4E6A-B3AA-6665216C479B}.Debug|Any CPU.ActiveCfg = Debug|Any CPU
		{674A16EF-B200-4E6A-B3AA-6665216C479B}.Debug|Any CPU.Build.0 = Debug|Any CPU
		{674A16EF-B200-4E6A-B3AA-6665216C479B}.Release|Any CPU.ActiveCfg = Release|Any CPU
		{674A16EF-B200-4E6A-B3AA-6665216C479B}.Release|Any CPU.Build.0 = Release|Any CPU
	EndGlobalSection
	GlobalSection(SolutionProperties) = preSolution
		HideSolutionNode = FALSE
	EndGlobalSection
EndGlobal
