
Microsoft Visual Studio Solution File, Format Version 12.00
# Visual Studio 2012
Project("{FAE04EC0-301F-11D3-BF4B-00C04F79EFBC}") = "collisionfag", "collisionfag\collisionfag\collisionfag.csproj", "{BD7FE9DD-7A83-4938-8AF0-0AE3EB5000FF}"
EndProject
Project("{96E2B04D-8817-42C6-938A-82C39BA4D311}") = "collisionfagContent", "collisionfag\collisionfagContent\collisionfagContent.contentproj", "{CEF87475-128E-43D1-98B6-10CEFD1241BD}"
EndProject
Global
	GlobalSection(SolutionConfigurationPlatforms) = preSolution
		Debug|x86 = Debug|x86
		Release|x86 = Release|x86
	EndGlobalSection
	GlobalSection(ProjectConfigurationPlatforms) = postSolution
		{BD7FE9DD-7A83-4938-8AF0-0AE3EB5000FF}.Debug|x86.ActiveCfg = Debug|x86
		{BD7FE9DD-7A83-4938-8AF0-0AE3EB5000FF}.Debug|x86.Build.0 = Debug|x86
		{BD7FE9DD-7A83-4938-8AF0-0AE3EB5000FF}.Release|x86.ActiveCfg = Release|x86
		{BD7FE9DD-7A83-4938-8AF0-0AE3EB5000FF}.Release|x86.Build.0 = Release|x86
		{CEF87475-128E-43D1-98B6-10CEFD1241BD}.Debug|x86.ActiveCfg = Debug|x86
		{CEF87475-128E-43D1-98B6-10CEFD1241BD}.Release|x86.ActiveCfg = Release|x86
	EndGlobalSection
	GlobalSection(SolutionProperties) = preSolution
		HideSolutionNode = FALSE
	EndGlobalSection
EndGlobal
