
Microsoft Visual Studio Solution File, Format Version 12.00
# Visual Studio 2012
Project("{FAE04EC0-301F-11D3-BF4B-00C04F79EFBC}") = "NotifTest", "NotifTest\NotifTest.csproj", "{01D31447-71F9-481F-9CE6-5157A3CC3759}"
EndProject
Global
	GlobalSection(SolutionConfigurationPlatforms) = preSolution
		Debug|Any CPU = Debug|Any CPU
		Release|Any CPU = Release|Any CPU
	EndGlobalSection
	GlobalSection(ProjectConfigurationPlatforms) = postSolution
		{01D31447-71F9-481F-9CE6-5157A3CC3759}.Debug|Any CPU.ActiveCfg = Debug|Any CPU
		{01D31447-71F9-481F-9CE6-5157A3CC3759}.Debug|Any CPU.Build.0 = Debug|Any CPU
		{01D31447-71F9-481F-9CE6-5157A3CC3759}.Release|Any CPU.ActiveCfg = Release|Any CPU
		{01D31447-71F9-481F-9CE6-5157A3CC3759}.Release|Any CPU.Build.0 = Release|Any CPU
	EndGlobalSection
	GlobalSection(SolutionProperties) = preSolution
		HideSolutionNode = FALSE
	EndGlobalSection
EndGlobal
