
Microsoft Visual Studio Solution File, Format Version 12.00
# Visual Studio 2012
Project("{FAE04EC0-301F-11D3-BF4B-00C04F79EFBC}") = "Sam", "Sam\Sam.csproj", "{8004D6E5-AEBD-402E-82D4-F0E9E1A6DCED}"
EndProject
Global
	GlobalSection(SolutionConfigurationPlatforms) = preSolution
		Debug|Any CPU = Debug|Any CPU
		Release|Any CPU = Release|Any CPU
	EndGlobalSection
	GlobalSection(ProjectConfigurationPlatforms) = postSolution
		{8004D6E5-AEBD-402E-82D4-F0E9E1A6DCED}.Debug|Any CPU.ActiveCfg = Debug|Any CPU
		{8004D6E5-AEBD-402E-82D4-F0E9E1A6DCED}.Debug|Any CPU.Build.0 = Debug|Any CPU
		{8004D6E5-AEBD-402E-82D4-F0E9E1A6DCED}.Release|Any CPU.ActiveCfg = Release|Any CPU
		{8004D6E5-AEBD-402E-82D4-F0E9E1A6DCED}.Release|Any CPU.Build.0 = Release|Any CPU
	EndGlobalSection
	GlobalSection(SolutionProperties) = preSolution
		HideSolutionNode = FALSE
	EndGlobalSection
EndGlobal
