
Microsoft Visual Studio Solution File, Format Version 12.00
# Visual Studio 2012
Project("{FAE04EC0-301F-11D3-BF4B-00C04F79EFBC}") = "b00k calkul8tr", "b00k calkul8tr\b00k calkul8tr.csproj", "{5D2ECB5F-FCEB-4DD6-99DD-B9DC7F270560}"
EndProject
Global
	GlobalSection(SolutionConfigurationPlatforms) = preSolution
		Debug|Any CPU = Debug|Any CPU
		Release|Any CPU = Release|Any CPU
	EndGlobalSection
	GlobalSection(ProjectConfigurationPlatforms) = postSolution
		{5D2ECB5F-FCEB-4DD6-99DD-B9DC7F270560}.Debug|Any CPU.ActiveCfg = Debug|Any CPU
		{5D2ECB5F-FCEB-4DD6-99DD-B9DC7F270560}.Debug|Any CPU.Build.0 = Debug|Any CPU
		{5D2ECB5F-FCEB-4DD6-99DD-B9DC7F270560}.Release|Any CPU.ActiveCfg = Release|Any CPU
		{5D2ECB5F-FCEB-4DD6-99DD-B9DC7F270560}.Release|Any CPU.Build.0 = Release|Any CPU
	EndGlobalSection
	GlobalSection(SolutionProperties) = preSolution
		HideSolutionNode = FALSE
	EndGlobalSection
EndGlobal
