
Microsoft Visual Studio Solution File, Format Version 12.00
# Visual Studio 2012
Project("{888888A0-9F3D-457C-B088-3A5042F75D52}") = "Game", "Game\Game.pyproj", "{AED285DF-76BA-4AF2-B326-B29E0B3CC89E}"
EndProject
Global
	GlobalSection(SolutionConfigurationPlatforms) = preSolution
		Debug|Any CPU = Debug|Any CPU
		Release|Any CPU = Release|Any CPU
	EndGlobalSection
	GlobalSection(ProjectConfigurationPlatforms) = postSolution
		{AED285DF-76BA-4AF2-B326-B29E0B3CC89E}.Debug|Any CPU.ActiveCfg = Debug|Any CPU
		{AED285DF-76BA-4AF2-B326-B29E0B3CC89E}.Debug|Any CPU.Build.0 = Debug|Any CPU
		{AED285DF-76BA-4AF2-B326-B29E0B3CC89E}.Release|Any CPU.ActiveCfg = Release|Any CPU
		{AED285DF-76BA-4AF2-B326-B29E0B3CC89E}.Release|Any CPU.Build.0 = Release|Any CPU
	EndGlobalSection
	GlobalSection(SolutionProperties) = preSolution
		HideSolutionNode = FALSE
	EndGlobalSection
EndGlobal
