
Microsoft Visual Studio Solution File, Format Version 12.00
# Visual Studio 2012
Project("{FAE04EC0-301F-11D3-BF4B-00C04F79EFBC}") = "TD", "TD\TD\TD.csproj", "{F9E328B4-7912-43AD-BBE7-29EC4E0C77A4}"
EndProject
Project("{FAE04EC0-301F-11D3-BF4B-00C04F79EFBC}") = "TDContent", "TD\TDContent\TDContent.contentproj", "{976CE3C5-89D4-4E46-A128-79985027D34B}"
EndProject
Project("{FAE04EC0-301F-11D3-BF4B-00C04F79EFBC}") = "MapMaker", "MapMaker\MapMaker\MapMaker.csproj", "{D4CAF2FC-FCCB-45AD-B107-58F6CB7E04B1}"
EndProject
Project("{FAE04EC0-301F-11D3-BF4B-00C04F79EFBC}") = "MapMakerContent", "MapMaker\MapMakerContent\MapMakerContent.contentproj", "{8758196D-EC55-4FA0-B27E-A16CB5291C26}"
EndProject
Global
	GlobalSection(SolutionConfigurationPlatforms) = preSolution
		Debug|Any CPU = Debug|Any CPU
		Debug|Mixed Platforms = Debug|Mixed Platforms
		Debug|x86 = Debug|x86
		Release|Any CPU = Release|Any CPU
		Release|Mixed Platforms = Release|Mixed Platforms
		Release|x86 = Release|x86
	EndGlobalSection
	GlobalSection(ProjectConfigurationPlatforms) = postSolution
		{F9E328B4-7912-43AD-BBE7-29EC4E0C77A4}.Debug|Any CPU.ActiveCfg = Debug|x86
		{F9E328B4-7912-43AD-BBE7-29EC4E0C77A4}.Debug|Mixed Platforms.ActiveCfg = Debug|x86
		{F9E328B4-7912-43AD-BBE7-29EC4E0C77A4}.Debug|Mixed Platforms.Build.0 = Debug|x86
		{F9E328B4-7912-43AD-BBE7-29EC4E0C77A4}.Debug|x86.ActiveCfg = Debug|x86
		{F9E328B4-7912-43AD-BBE7-29EC4E0C77A4}.Debug|x86.Build.0 = Debug|x86
		{F9E328B4-7912-43AD-BBE7-29EC4E0C77A4}.Release|Any CPU.ActiveCfg = Release|x86
		{F9E328B4-7912-43AD-BBE7-29EC4E0C77A4}.Release|Mixed Platforms.ActiveCfg = Release|x86
		{F9E328B4-7912-43AD-BBE7-29EC4E0C77A4}.Release|Mixed Platforms.Build.0 = Release|x86
		{F9E328B4-7912-43AD-BBE7-29EC4E0C77A4}.Release|x86.ActiveCfg = Release|x86
		{F9E328B4-7912-43AD-BBE7-29EC4E0C77A4}.Release|x86.Build.0 = Release|x86
		{976CE3C5-89D4-4E46-A128-79985027D34B}.Debug|Any CPU.ActiveCfg = Debug|x86
		{976CE3C5-89D4-4E46-A128-79985027D34B}.Debug|Mixed Platforms.ActiveCfg = Debug|x86
		{976CE3C5-89D4-4E46-A128-79985027D34B}.Debug|x86.ActiveCfg = Debug|x86
		{976CE3C5-89D4-4E46-A128-79985027D34B}.Release|Any CPU.ActiveCfg = Release|x86
		{976CE3C5-89D4-4E46-A128-79985027D34B}.Release|Mixed Platforms.ActiveCfg = Release|x86
		{976CE3C5-89D4-4E46-A128-79985027D34B}.Release|x86.ActiveCfg = Release|x86
		{D4CAF2FC-FCCB-45AD-B107-58F6CB7E04B1}.Debug|Any CPU.ActiveCfg = Debug|x86
		{D4CAF2FC-FCCB-45AD-B107-58F6CB7E04B1}.Debug|Mixed Platforms.ActiveCfg = Debug|x86
		{D4CAF2FC-FCCB-45AD-B107-58F6CB7E04B1}.Debug|Mixed Platforms.Build.0 = Debug|x86
		{D4CAF2FC-FCCB-45AD-B107-58F6CB7E04B1}.Debug|x86.ActiveCfg = Debug|x86
		{D4CAF2FC-FCCB-45AD-B107-58F6CB7E04B1}.Debug|x86.Build.0 = Debug|x86
		{D4CAF2FC-FCCB-45AD-B107-58F6CB7E04B1}.Release|Any CPU.ActiveCfg = Release|x86
		{D4CAF2FC-FCCB-45AD-B107-58F6CB7E04B1}.Release|Mixed Platforms.ActiveCfg = Release|x86
		{D4CAF2FC-FCCB-45AD-B107-58F6CB7E04B1}.Release|Mixed Platforms.Build.0 = Release|x86
		{D4CAF2FC-FCCB-45AD-B107-58F6CB7E04B1}.Release|x86.ActiveCfg = Release|x86
		{D4CAF2FC-FCCB-45AD-B107-58F6CB7E04B1}.Release|x86.Build.0 = Release|x86
		{8758196D-EC55-4FA0-B27E-A16CB5291C26}.Debug|Any CPU.ActiveCfg = Debug|x86
		{8758196D-EC55-4FA0-B27E-A16CB5291C26}.Debug|Mixed Platforms.ActiveCfg = Debug|x86
		{8758196D-EC55-4FA0-B27E-A16CB5291C26}.Debug|x86.ActiveCfg = Debug|x86
		{8758196D-EC55-4FA0-B27E-A16CB5291C26}.Release|Any CPU.ActiveCfg = Release|x86
		{8758196D-EC55-4FA0-B27E-A16CB5291C26}.Release|Mixed Platforms.ActiveCfg = Release|x86
		{8758196D-EC55-4FA0-B27E-A16CB5291C26}.Release|x86.ActiveCfg = Release|x86
	EndGlobalSection
	GlobalSection(SolutionProperties) = preSolution
		HideSolutionNode = FALSE
	EndGlobalSection
EndGlobal
