
Microsoft Visual Studio Solution File, Format Version 12.00
# Visual Studio 2012
Project("{888888A0-9F3D-457C-B088-3A5042F75D52}") = "Shapes", "Shapes\Shapes.pyproj", "{FFDB2C6B-0BCC-4452-BBF6-F187A7CC3A95}"
EndProject
Global
	GlobalSection(SolutionConfigurationPlatforms) = preSolution
		Debug|Any CPU = Debug|Any CPU
		Release|Any CPU = Release|Any CPU
	EndGlobalSection
	GlobalSection(ProjectConfigurationPlatforms) = postSolution
		{FFDB2C6B-0BCC-4452-BBF6-F187A7CC3A95}.Debug|Any CPU.ActiveCfg = Debug|Any CPU
		{FFDB2C6B-0BCC-4452-BBF6-F187A7CC3A95}.Debug|Any CPU.Build.0 = Debug|Any CPU
		{FFDB2C6B-0BCC-4452-BBF6-F187A7CC3A95}.Release|Any CPU.ActiveCfg = Release|Any CPU
		{FFDB2C6B-0BCC-4452-BBF6-F187A7CC3A95}.Release|Any CPU.Build.0 = Release|Any CPU
	EndGlobalSection
	GlobalSection(SolutionProperties) = preSolution
		HideSolutionNode = FALSE
	EndGlobalSection
EndGlobal
